
Microsoft Visual Studio Solution File, Format Version 12.00
# Visual Studio Version 17
VisualStudioVersion = 17.14.36109.1 d17.14
MinimumVisualStudioVersion = 10.0.40219.1
Project("{FAE04EC0-301F-11D3-BF4B-00C04F79EFBC}") = "Positioner", "Positioner\Positioner.csproj", "{6BBEEE21-217E-4DCB-8269-77CCF4D8126C}"
EndProject
Project("{FAE04EC0-301F-11D3-BF4B-00C04F79EFBC}") = "Positioner.Tests", "Positioner.Tests\Positioner.Tests.csproj", "{72F7E225-7024-4043-9243-E80AE5A1171D}"
EndProject
Global
	GlobalSection(SolutionConfigurationPlatforms) = preSolution
		Debug|Any CPU = Debug|Any CPU
		Release|Any CPU = Release|Any CPU
	EndGlobalSection
	GlobalSection(ProjectConfigurationPlatforms) = postSolution
		{6BBEEE21-217E-4DCB-8269-77CCF4D8126C}.Debug|Any CPU.ActiveCfg = Debug|Any CPU
		{6BBEEE21-217E-4DCB-8269-77CCF4D8126C}.Debug|Any CPU.Build.0 = Debug|Any CPU
		{6BBEEE21-217E-4DCB-8269-77CCF4D8126C}.Release|Any CPU.ActiveCfg = Release|Any CPU
		{6BBEEE21-217E-4DCB-8269-77CCF4D8126C}.Release|Any CPU.Build.0 = Release|Any CPU
		{72F7E225-7024-4043-9243-E80AE5A1171D}.Debug|Any CPU.ActiveCfg = Debug|Any CPU
		{72F7E225-7024-4043-9243-E80AE5A1171D}.Debug|Any CPU.Build.0 = Debug|Any CPU
		{72F7E225-7024-4043-9243-E80AE5A1171D}.Release|Any CPU.ActiveCfg = Release|Any CPU
		{72F7E225-7024-4043-9243-E80AE5A1171D}.Release|Any CPU.Build.0 = Release|Any CPU
	EndGlobalSection
	GlobalSection(SolutionProperties) = preSolution
		HideSolutionNode = FALSE
	EndGlobalSection
	GlobalSection(ExtensibilityGlobals) = postSolution
		SolutionGuid = {2D166F73-5103-4880-8472-D14D65DF704E}
	EndGlobalSection
EndGlobal
